
Microsoft Visual Studio Solution File, Format Version 12.00
# Visual Studio Version 17
VisualStudioVersion = 17.9.34728.123
MinimumVisualStudioVersion = 10.0.40219.1
Project("{FAE04EC0-301F-11D3-BF4B-00C04F79EFBC}") = "ShoppingCart", "ShoppingCart\ShoppingCart.csproj", "{9BC29106-1181-4DBC-B822-DB176974E8A7}"
EndProject
Project("{FAE04EC0-301F-11D3-BF4B-00C04F79EFBC}") = "Application", "Application\Application.csproj", "{4707426C-3099-43ED-88D0-718A96B34783}"
EndProject
Project("{FAE04EC0-301F-11D3-BF4B-00C04F79EFBC}") = "Domain", "Domain\Domain.csproj", "{FB420E42-5F55-42A8-BBBD-2E9FA2C501B7}"
EndProject
Project("{FAE04EC0-301F-11D3-BF4B-00C04F79EFBC}") = "Infrastructure", "Infrastructure\Infrastructure.csproj", "{2C97BD72-25BB-4306-932B-05A84218A217}"
EndProject
Global
	GlobalSection(SolutionConfigurationPlatforms) = preSolution
		Debug|Any CPU = Debug|Any CPU
		Release|Any CPU = Release|Any CPU
	EndGlobalSection
	GlobalSection(ProjectConfigurationPlatforms) = postSolution
		{9BC29106-1181-4DBC-B822-DB176974E8A7}.Debug|Any CPU.ActiveCfg = Debug|Any CPU
		{9BC29106-1181-4DBC-B822-DB176974E8A7}.Debug|Any CPU.Build.0 = Debug|Any CPU
		{9BC29106-1181-4DBC-B822-DB176974E8A7}.Release|Any CPU.ActiveCfg = Release|Any CPU
		{9BC29106-1181-4DBC-B822-DB176974E8A7}.Release|Any CPU.Build.0 = Release|Any CPU
		{4707426C-3099-43ED-88D0-718A96B34783}.Debug|Any CPU.ActiveCfg = Debug|Any CPU
		{4707426C-3099-43ED-88D0-718A96B34783}.Debug|Any CPU.Build.0 = Debug|Any CPU
		{4707426C-3099-43ED-88D0-718A96B34783}.Release|Any CPU.ActiveCfg = Release|Any CPU
		{4707426C-3099-43ED-88D0-718A96B34783}.Release|Any CPU.Build.0 = Release|Any CPU
		{FB420E42-5F55-42A8-BBBD-2E9FA2C501B7}.Debug|Any CPU.ActiveCfg = Debug|Any CPU
		{FB420E42-5F55-42A8-BBBD-2E9FA2C501B7}.Debug|Any CPU.Build.0 = Debug|Any CPU
		{FB420E42-5F55-42A8-BBBD-2E9FA2C501B7}.Release|Any CPU.ActiveCfg = Release|Any CPU
		{FB420E42-5F55-42A8-BBBD-2E9FA2C501B7}.Release|Any CPU.Build.0 = Release|Any CPU
		{2C97BD72-25BB-4306-932B-05A84218A217}.Debug|Any CPU.ActiveCfg = Debug|Any CPU
		{2C97BD72-25BB-4306-932B-05A84218A217}.Debug|Any CPU.Build.0 = Debug|Any CPU
		{2C97BD72-25BB-4306-932B-05A84218A217}.Release|Any CPU.ActiveCfg = Release|Any CPU
		{2C97BD72-25BB-4306-932B-05A84218A217}.Release|Any CPU.Build.0 = Release|Any CPU
	EndGlobalSection
	GlobalSection(SolutionProperties) = preSolution
		HideSolutionNode = FALSE
	EndGlobalSection
	GlobalSection(ExtensibilityGlobals) = postSolution
		SolutionGuid = {84256A1C-676E-4239-B0FC-289EB2C42794}
	EndGlobalSection
EndGlobal
